Microsoft Visual Studio Solution File, Format Version 11.00
# Visual Studio 2008

Project("{7839A4C0-EF7A-2FE6-BEDE-F0B0A459DCD9}") = "RobotControl", "Assembly-CSharp-vs.csproj", "{53A4B844-E47F-FAFA-F337-AEA41CBC9806}"
EndProject
Global
	GlobalSection(SolutionConfigurationPlatforms) = preSolution
		Debug|Any CPU = Debug|Any CPU
		Release|Any CPU = Release|Any CPU
	EndGlobalSection
	GlobalSection(ProjectConfigurationPlatforms) = postSolution
		{53A4B844-E47F-FAFA-F337-AEA41CBC9806}.Debug|Any CPU.ActiveCfg = Debug|Any CPU
		{53A4B844-E47F-FAFA-F337-AEA41CBC9806}.Debug|Any CPU.Build.0 = Debug|Any CPU
		{53A4B844-E47F-FAFA-F337-AEA41CBC9806}.Release|Any CPU.ActiveCfg = Release|Any CPU
		{53A4B844-E47F-FAFA-F337-AEA41CBC9806}.Release|Any CPU.Build.0 = Release|Any CPU
	EndGlobalSection
	GlobalSection(SolutionProperties) = preSolution
		HideSolutionNode = FALSE
	EndGlobalSection
																																							GlobalSection(MonoDevelopProperties) = preSolution
		StartupItem = Assembly-CSharp.csproj
		Policies = $0
		$0.TextStylePolicy = $1
		$1.inheritsSet = null
		$1.scope = text/x-csharp
		$0.CSharpFormattingPolicy = $2
		$2.inheritsSet = Mono
		$2.inheritsScope = text/x-csharp
		$2.scope = text/x-csharp
		$0.TextStylePolicy = $3
		$3.FileWidth = 120
		$3.TabWidth = 4
		$3.EolMarker = Unix
		$3.inheritsSet = Mono
		$3.inheritsScope = text/plain
		$3.scope = text/plain
	EndGlobalSection

EndGlobal
